// !$*UTF8*$!
{
	archiveVersion = 1;
	classes = {
	};
	objectVersion = 56;
	objects = {

/* Begin PBXBuildFile section */
		EA2F8DFA2C8DAEC30023AB4C /* AppDelegate.swift in Sources */ = {isa = PBXBuildFile; fileRef = EA2F8DF92C8DAEC30023AB4C /* AppDelegate.swift */; };
		EA2F8DFC2C8DAEC30023AB4C /* SceneDelegate.swift in Sources */ = {isa = PBXBuildFile; fileRef = EA2F8DFB2C8DAEC30023AB4C /* SceneDelegate.swift */; };
		EA2F8DFE2C8DAEC30023AB4C /* SearchViewController.swift in Sources */ = {isa = PBXBuildFile; fileRef = EA2F8DFD2C8DAEC30023AB4C /* SearchViewController.swift */; };
		EA2F8E012C8DAEC30023AB4C /* Base in Resources */ = {isa = PBXBuildFile; fileRef = EA2F8E002C8DAEC30023AB4C /* Base */; };
		EA2F8E032C8DAEC40023AB4C /* Assets.xcassets in Resources */ = {isa = PBXBuildFile; fileRef = EA2F8E022C8DAEC40023AB4C /* Assets.xcassets */; };
		EA2F8E062C8DAEC40023AB4C /* Base in Resources */ = {isa = PBXBuildFile; fileRef = EA2F8E052C8DAEC40023AB4C /* Base */; };
		EA2F8E132C8DC21E0023AB4C /* UnsplashResponse.swift in Sources */ = {isa = PBXBuildFile; fileRef = EA2F8E122C8DC21E0023AB4C /* UnsplashResponse.swift */; };
		EA2F8E152C8DC2640023AB4C /* AppConstants.swift in Sources */ = {isa = PBXBuildFile; fileRef = EA2F8E142C8DC2640023AB4C /* AppConstants.swift */; };
		EA2F8E172C8DC2850023AB4C /* SearchViewModel.swift in Sources */ = {isa = PBXBuildFile; fileRef = EA2F8E162C8DC2850023AB4C /* SearchViewModel.swift */; };
		EAF6CAD42C8DC896004AFC99 /* UIImageExtention.swift in Sources */ = {isa = PBXBuildFile; fileRef = EAF6CAD32C8DC896004AFC99 /* UIImageExtention.swift */; };
		EAF6CAD62C8DC8F2004AFC99 /* CustomCollectionViewCell.swift in Sources */ = {isa = PBXBuildFile; fileRef = EAF6CAD52C8DC8F2004AFC99 /* CustomCollectionViewCell.swift */; };
		EAF6CAD82C8DE396004AFC99 /* NetworkManager.swift in Sources */ = {isa = PBXBuildFile; fileRef = EAF6CAD72C8DE396004AFC99 /* NetworkManager.swift */; };
/* End PBXBuildFile section */

/* Begin PBXFileReference section */
		EA2F8DF62C8DAEC30023AB4C /* AvitoUnsplashTest.app */ = {isa = PBXFileReference; explicitFileType = wrapper.application; includeInIndex = 0; path = AvitoUnsplashTest.app; sourceTree = BUILT_PRODUCTS_DIR; };
		EA2F8DF92C8DAEC30023AB4C /* AppDelegate.swift */ = {isa = PBXFileReference; lastKnownFileType = sourcecode.swift; path = AppDelegate.swift; sourceTree = "<group>"; };
		EA2F8DFB2C8DAEC30023AB4C /* SceneDelegate.swift */ = {isa = PBXFileReference; lastKnownFileType = sourcecode.swift; path = SceneDelegate.swift; sourceTree = "<group>"; };
		EA2F8DFD2C8DAEC30023AB4C /* SearchViewController.swift */ = {isa = PBXFileReference; lastKnownFileType = sourcecode.swift; path = SearchViewController.swift; sourceTree = "<group>"; };
		EA2F8E002C8DAEC30023AB4C /* Base */ = {isa = PBXFileReference; lastKnownFileType = file.storyboard; name = Base; path = Base.lproj/Main.storyboard; sourceTree = "<group>"; };
		EA2F8E022C8DAEC40023AB4C /* Assets.xcassets */ = {isa = PBXFileReference; lastKnownFileType = folder.assetcatalog; path = Assets.xcassets; sourceTree = "<group>"; };
		EA2F8E052C8DAEC40023AB4C /* Base */ = {isa = PBXFileReference; lastKnownFileType = file.storyboard; name = Base; path = Base.lproj/LaunchScreen.storyboard; sourceTree = "<group>"; };
		EA2F8E072C8DAEC40023AB4C /* Info.plist */ = {isa = PBXFileReference; lastKnownFileType = text.plist.xml; path = Info.plist; sourceTree = "<group>"; };
		EA2F8E122C8DC21E0023AB4C /* UnsplashResponse.swift */ = {isa = PBXFileReference; lastKnownFileType = sourcecode.swift; path = UnsplashResponse.swift; sourceTree = "<group>"; };
		EA2F8E142C8DC2640023AB4C /* AppConstants.swift */ = {isa = PBXFileReference; lastKnownFileType = sourcecode.swift; path = AppConstants.swift; sourceTree = "<group>"; };
		EA2F8E162C8DC2850023AB4C /* SearchViewModel.swift */ = {isa = PBXFileReference; lastKnownFileType = sourcecode.swift; path = SearchViewModel.swift; sourceTree = "<group>"; };
		EAF6CAD32C8DC896004AFC99 /* UIImageExtention.swift */ = {isa = PBXFileReference; lastKnownFileType = sourcecode.swift; path = UIImageExtention.swift; sourceTree = "<group>"; };
		EAF6CAD52C8DC8F2004AFC99 /* CustomCollectionViewCell.swift */ = {isa = PBXFileReference; lastKnownFileType = sourcecode.swift; path = CustomCollectionViewCell.swift; sourceTree = "<group>"; };
		EAF6CAD72C8DE396004AFC99 /* NetworkManager.swift */ = {isa = PBXFileReference; lastKnownFileType = sourcecode.swift; path = NetworkManager.swift; sourceTree = "<group>"; };
/* End PBXFileReference section */

/* Begin PBXFrameworksBuildPhase section */
		EA2F8DF32C8DAEC30023AB4C /* Frameworks */ = {
			isa = PBXFrameworksBuildPhase;
			buildActionMask = 2147483647;
			files = (
			);
			runOnlyForDeploymentPostprocessing = 0;
		};
/* End PBXFrameworksBuildPhase section */

/* Begin PBXGroup section */
		EA2F8DED2C8DAEC30023AB4C = {
			isa = PBXGroup;
			children = (
				EA2F8DF82C8DAEC30023AB4C /* AvitoUnsplashTest */,
				EA2F8DF72C8DAEC30023AB4C /* Products */,
			);
			sourceTree = "<group>";
		};
		EA2F8DF72C8DAEC30023AB4C /* Products */ = {
			isa = PBXGroup;
			children = (
				EA2F8DF62C8DAEC30023AB4C /* AvitoUnsplashTest.app */,
			);
			name = Products;
			sourceTree = "<group>";
		};
		EA2F8DF82C8DAEC30023AB4C /* AvitoUnsplashTest */ = {
			isa = PBXGroup;
			children = (
				EA2F8E0F2C8DC1BE0023AB4C /* AppSupport */,
				EA2F8E072C8DAEC40023AB4C /* Info.plist */,
				EA2F8E102C8DC1D80023AB4C /* Model */,
				EA2F8E112C8DC1DD0023AB4C /* ViewModel */,
				EA2F8E0D2C8DC1880023AB4C /* View */,
			);
			path = AvitoUnsplashTest;
			sourceTree = "<group>";
		};
		EA2F8E0D2C8DC1880023AB4C /* View */ = {
			isa = PBXGroup;
			children = (
				EA2F8DFD2C8DAEC30023AB4C /* SearchViewController.swift */,
				EA2F8E042C8DAEC40023AB4C /* LaunchScreen.storyboard */,
				EA2F8DFF2C8DAEC30023AB4C /* Main.storyboard */,
				EAF6CAD52C8DC8F2004AFC99 /* CustomCollectionViewCell.swift */,
			);
			path = View;
			sourceTree = "<group>";
		};
		EA2F8E0F2C8DC1BE0023AB4C /* AppSupport */ = {
			isa = PBXGroup;
			children = (
				EA2F8DF92C8DAEC30023AB4C /* AppDelegate.swift */,
				EA2F8DFB2C8DAEC30023AB4C /* SceneDelegate.swift */,
				EA2F8E022C8DAEC40023AB4C /* Assets.xcassets */,
				EA2F8E142C8DC2640023AB4C /* AppConstants.swift */,
			);
			path = AppSupport;
			sourceTree = "<group>";
		};
		EA2F8E102C8DC1D80023AB4C /* Model */ = {
			isa = PBXGroup;
			children = (
				EA2F8E122C8DC21E0023AB4C /* UnsplashResponse.swift */,
				EAF6CAD32C8DC896004AFC99 /* UIImageExtention.swift */,
			);
			path = Model;
			sourceTree = "<group>";
		};
		EA2F8E112C8DC1DD0023AB4C /* ViewModel */ = {
			isa = PBXGroup;
			children = (
				EA2F8E162C8DC2850023AB4C /* SearchViewModel.swift */,
				EAF6CAD72C8DE396004AFC99 /* NetworkManager.swift */,
			);
			path = ViewModel;
			sourceTree = "<group>";
		};
/* End PBXGroup section */

/* Begin PBXNativeTarget section */
		EA2F8DF52C8DAEC30023AB4C /* AvitoUnsplashTest */ = {
			isa = PBXNativeTarget;
			buildConfigurationList = EA2F8E0A2C8DAEC40023AB4C /* Build configuration list for PBXNativeTarget "AvitoUnsplashTest" */;
			buildPhases = (
				EA2F8DF22C8DAEC30023AB4C /* Sources */,
				EA2F8DF32C8DAEC30023AB4C /* Frameworks */,
				EA2F8DF42C8DAEC30023AB4C /* Resources */,
			);
			buildRules = (
			);
			dependencies = (
			);
			name = AvitoUnsplashTest;
			productName = AvitoUnsplashTest;
			productReference = EA2F8DF62C8DAEC30023AB4C /* AvitoUnsplashTest.app */;
			productType = "com.apple.product-type.application";
		};
/* End PBXNativeTarget section */

/* Begin PBXProject section */
		EA2F8DEE2C8DAEC30023AB4C /* Project object */ = {
			isa = PBXProject;
			attributes = {
				BuildIndependentTargetsInParallel = 1;
				LastSwiftUpdateCheck = 1540;
				LastUpgradeCheck = 1540;
				TargetAttributes = {
					EA2F8DF52C8DAEC30023AB4C = {
						CreatedOnToolsVersion = 15.4;
					};
				};
			};
			buildConfigurationList = EA2F8DF12C8DAEC30023AB4C /* Build configuration list for PBXProject "AvitoUnsplashTest" */;
			compatibilityVersion = "Xcode 14.0";
			developmentRegion = en;
			hasScannedForEncodings = 0;
			knownRegions = (
				en,
				Base,
			);
			mainGroup = EA2F8DED2C8DAEC30023AB4C;
			productRefGroup = EA2F8DF72C8DAEC30023AB4C /* Products */;
			projectDirPath = "";
			projectRoot = "";
			targets = (
				EA2F8DF52C8DAEC30023AB4C /* AvitoUnsplashTest */,
			);
		};
/* End PBXProject section */

/* Begin PBXResourcesBuildPhase section */
		EA2F8DF42C8DAEC30023AB4C /* Resources */ = {
			isa = PBXResourcesBuildPhase;
			buildActionMask = 2147483647;
			files = (
				EA2F8E032C8DAEC40023AB4C /* Assets.xcassets in Resources */,
				EA2F8E062C8DAEC40023AB4C /* Base in Resources */,
				EA2F8E012C8DAEC30023AB4C /* Base in Resources */,
			);
			runOnlyForDeploymentPostprocessing = 0;
		};
/* End PBXResourcesBuildPhase section */

/* Begin PBXSourcesBuildPhase section */
		EA2F8DF22C8DAEC30023AB4C /* Sources */ = {
			isa = PBXSourcesBuildPhase;
			buildActionMask = 2147483647;
			files = (
				EAF6CAD82C8DE396004AFC99 /* NetworkManager.swift in Sources */,
				EA2F8E172C8DC2850023AB4C /* SearchViewModel.swift in Sources */,
				EA2F8DFE2C8DAEC30023AB4C /* SearchViewController.swift in Sources */,
				EA2F8DFA2C8DAEC30023AB4C /* AppDelegate.swift in Sources */,
				EAF6CAD62C8DC8F2004AFC99 /* CustomCollectionViewCell.swift in Sources */,
				EA2F8E132C8DC21E0023AB4C /* UnsplashResponse.swift in Sources */,
				EA2F8DFC2C8DAEC30023AB4C /* SceneDelegate.swift in Sources */,
				EA2F8E152C8DC2640023AB4C /* AppConstants.swift in Sources */,
				EAF6CAD42C8DC896004AFC99 /* UIImageExtention.swift in Sources */,
			);
			runOnlyForDeploymentPostprocessing = 0;
		};
/* End PBXSourcesBuildPhase section */

/* Begin PBXVariantGroup section */
		EA2F8DFF2C8DAEC30023AB4C /* Main.storyboard */ = {
			isa = PBXVariantGroup;
			children = (
				EA2F8E002C8DAEC30023AB4C /* Base */,
			);
			name = Main.storyboard;
			sourceTree = "<group>";
		};
		EA2F8E042C8DAEC40023AB4C /* LaunchScreen.storyboard */ = {
			isa = PBXVariantGroup;
			children = (
				EA2F8E052C8DAEC40023AB4C /* Base */,
			);
			name = LaunchScreen.storyboard;
			sourceTree = "<group>";
		};
/* End PBXVariantGroup section */

/* Begin XCBuildConfiguration section */
		EA2F8E082C8DAEC40023AB4C /* Debug */ = {
			isa = XCBuildConfiguration;
			buildSettings = {
				ALWAYS_SEARCH_USER_PATHS = NO;
				ASSETCATALOG_COMPILER_GENERATE_SWIFT_ASSET_SYMBOL_EXTENSIONS = YES;
				CLANG_ANALYZER_NONNULL = YES;
				CLANG_ANALYZER_NUMBER_OBJECT_CONVERSION = YES_AGGRESSIVE;
				CLANG_CXX_LANGUAGE_STANDARD = "gnu++20";
				CLANG_ENABLE_MODULES = YES;
				CLANG_ENABLE_OBJC_ARC = YES;
				CLANG_ENABLE_OBJC_WEAK = YES;
				CLANG_WARN_BLOCK_CAPTURE_AUTORELEASING = YES;
				CLANG_WARN_BOOL_CONVERSION = YES;
				CLANG_WARN_COMMA = YES;
				CLANG_WARN_CONSTANT_CONVERSION = YES;
				CLANG_WARN_DEPRECATED_OBJC_IMPLEMENTATIONS = YES;
				CLANG_WARN_DIRECT_OBJC_ISA_USAGE = YES_ERROR;
				CLANG_WARN_DOCUMENTATION_COMMENTS = YES;
				CLANG_WARN_EMPTY_BODY = YES;
				CLANG_WARN_ENUM_CONVERSION = YES;
				CLANG_WARN_INFINITE_RECURSION = YES;
				CLANG_WARN_INT_CONVERSION = YES;
				CLANG_WARN_NON_LITERAL_NULL_CONVERSION = YES;
				CLANG_WARN_OBJC_IMPLICIT_RETAIN_SELF = YES;
				CLANG_WARN_OBJC_LITERAL_CONVERSION = YES;
				CLANG_WARN_OBJC_ROOT_CLASS = YES_ERROR;
				CLANG_WARN_QUOTED_INCLUDE_IN_FRAMEWORK_HEADER = YES;
				CLANG_WARN_RANGE_LOOP_ANALYSIS = YES;
				CLANG_WARN_STRICT_PROTOTYPES = YES;
				CLANG_WARN_SUSPICIOUS_MOVE = YES;
				CLANG_WARN_UNGUARDED_AVAILABILITY = YES_AGGRESSIVE;
				CLANG_WARN_UNREACHABLE_CODE = YES;
				CLANG_WARN__DUPLICATE_METHOD_MATCH = YES;
				COPY_PHASE_STRIP = NO;
				DEBUG_INFORMATION_FORMAT = dwarf;
				ENABLE_STRICT_OBJC_MSGSEND = YES;
				ENABLE_TESTABILITY = YES;
				ENABLE_USER_SCRIPT_SANDBOXING = YES;
				GCC_C_LANGUAGE_STANDARD = gnu17;
				GCC_DYNAMIC_NO_PIC = NO;
				GCC_NO_COMMON_BLOCKS = YES;
				GCC_OPTIMIZATION_LEVEL = 0;
				GCC_PREPROCESSOR_DEFINITIONS = (
					"DEBUG=1",
					"$(inherited)",
				);
				GCC_WARN_64_TO_32_BIT_CONVERSION = YES;
				GCC_WARN_ABOUT_RETURN_TYPE = YES_ERROR;
				GCC_WARN_UNDECLARED_SELECTOR = YES;
				GCC_WARN_UNINITIALIZED_AUTOS = YES_AGGRESSIVE;
				GCC_WARN_UNUSED_FUNCTION = YES;
				GCC_WARN_UNUSED_VARIABLE = YES;
				IPHONEOS_DEPLOYMENT_TARGET = 17.5;
				LOCALIZATION_PREFERS_STRING_CATALOGS = YES;
				MTL_ENABLE_DEBUG_INFO = INCLUDE_SOURCE;
				MTL_FAST_MATH = YES;
				ONLY_ACTIVE_ARCH = YES;
				SDKROOT = iphoneos;
				SWIFT_ACTIVE_COMPILATION_CONDITIONS = "DEBUG $(inherited)";
				SWIFT_OPTIMIZATION_LEVEL = "-Onone";
			};
			name = Debug;
		};
		EA2F8E092C8DAEC40023AB4C /* Release */ = {
			isa = XCBuildConfiguration;
			buildSettings = {
				ALWAYS_SEARCH_USER_PATHS = NO;
				ASSETCATALOG_COMPILER_GENERATE_SWIFT_ASSET_SYMBOL_EXTENSIONS = YES;
				CLANG_ANALYZER_NONNULL = YES;
				CLANG_ANALYZER_NUMBER_OBJECT_CONVERSION = YES_AGGRESSIVE;
				CLANG_CXX_LANGUAGE_STANDARD = "gnu++20";
				CLANG_ENABLE_MODULES = YES;
				CLANG_ENABLE_OBJC_ARC = YES;
				CLANG_ENABLE_OBJC_WEAK = YES;
				CLANG_WARN_BLOCK_CAPTURE_AUTORELEASING = YES;
				CLANG_WARN_BOOL_CONVERSION = YES;
				CLANG_WARN_COMMA = YES;
				CLANG_WARN_CONSTANT_CONVERSION = YES;
				CLANG_WARN_DEPRECATED_OBJC_IMPLEMENTATIONS = YES;
				CLANG_WARN_DIRECT_OBJC_ISA_USAGE = YES_ERROR;
				CLANG_WARN_DOCUMENTATION_COMMENTS = YES;
				CLANG_WARN_EMPTY_BODY = YES;
				CLANG_WARN_ENUM_CONVERSION = YES;
				CLANG_WARN_INFINITE_RECURSION = YES;
				CLANG_WARN_INT_CONVERSION = YES;
				CLANG_WARN_NON_LITERAL_NULL_CONVERSION = YES;
				CLANG_WARN_OBJC_IMPLICIT_RETAIN_SELF = YES;
				CLANG_WARN_OBJC_LITERAL_CONVERSION = YES;
				CLANG_WARN_OBJC_ROOT_CLASS = YES_ERROR;
				CLANG_WARN_QUOTED_INCLUDE_IN_FRAMEWORK_HEADER = YES;
				CLANG_WARN_RANGE_LOOP_ANALYSIS = YES;
				CLANG_WARN_STRICT_PROTOTYPES = YES;
				CLANG_WARN_SUSPICIOUS_MOVE = YES;
				CLANG_WARN_UNGUARDED_AVAILABILITY = YES_AGGRESSIVE;
				CLANG_WARN_UNREACHABLE_CODE = YES;
				CLANG_WARN__DUPLICATE_METHOD_MATCH = YES;
				COPY_PHASE_STRIP = NO;
				DEBUG_INFORMATION_FORMAT = "dwarf-with-dsym";
				ENABLE_NS_ASSERTIONS = NO;
				ENABLE_STRICT_OBJC_MSGSEND = YES;
				ENABLE_USER_SCRIPT_SANDBOXING = YES;
				GCC_C_LANGUAGE_STANDARD = gnu17;
				GCC_NO_COMMON_BLOCKS = YES;
				GCC_WARN_64_TO_32_BIT_CONVERSION = YES;
				GCC_WARN_ABOUT_RETURN_TYPE = YES_ERROR;
				GCC_WARN_UNDECLARED_SELECTOR = YES;
				GCC_WARN_UNINITIALIZED_AUTOS = YES_AGGRESSIVE;
				GCC_WARN_UNUSED_FUNCTION = YES;
				GCC_WARN_UNUSED_VARIABLE = YES;
				IPHONEOS_DEPLOYMENT_TARGET = 17.5;
				LOCALIZATION_PREFERS_STRING_CATALOGS = YES;
				MTL_ENABLE_DEBUG_INFO = NO;
				MTL_FAST_MATH = YES;
				SDKROOT = iphoneos;
				SWIFT_COMPILATION_MODE = wholemodule;
				VALIDATE_PRODUCT = YES;
			};
			name = Release;
		};
		EA2F8E0B2C8DAEC40023AB4C /* Debug */ = {
			isa = XCBuildConfiguration;
			buildSettings = {
				ASSETCATALOG_COMPILER_APPICON_NAME = AppIcon;
				ASSETCATALOG_COMPILER_GLOBAL_ACCENT_COLOR_NAME = AccentColor;
				CODE_SIGN_STYLE = Automatic;
				CURRENT_PROJECT_VERSION = 1;
				DEVELOPMENT_TEAM = RWP28CYWVZ;
				GENERATE_INFOPLIST_FILE = YES;
				INFOPLIST_FILE = AvitoUnsplashTest/Info.plist;
				INFOPLIST_KEY_UIApplicationSupportsIndirectInputEvents = YES;
				INFOPLIST_KEY_UILaunchStoryboardName = LaunchScreen;
				INFOPLIST_KEY_UIMainStoryboardFile = Main;
				INFOPLIST_KEY_UISupportedInterfaceOrientations_iPad = "UIInterfaceOrientationPortrait UIInterfaceOrientationPortraitUpsideDown UIInterfaceOrientationLandscapeLeft UIInterfaceOrientationLandscapeRight";
				INFOPLIST_KEY_UISupportedInterfaceOrientations_iPhone = "UIInterfaceOrientationPortrait UIInterfaceOrientationLandscapeLeft UIInterfaceOrientationLandscapeRight";
				LD_RUNPATH_SEARCH_PATHS = (
					"$(inherited)",
					"@executable_path/Frameworks",
				);
				MARKETING_VERSION = 1.0;
				PRODUCT_BUNDLE_IDENTIFIER = aswitch.me.AvitoUnsplashTest;
				PRODUCT_NAME = "$(TARGET_NAME)";
				SWIFT_EMIT_LOC_STRINGS = YES;
				SWIFT_VERSION = 5.0;
				TARGETED_DEVICE_FAMILY = "1,2";
			};
			name = Debug;
		};
		EA2F8E0C2C8DAEC40023AB4C /* Release */ = {
			isa = XCBuildConfiguration;
			buildSettings = {
				ASSETCATALOG_COMPILER_APPICON_NAME = AppIcon;
				ASSETCATALOG_COMPILER_GLOBAL_ACCENT_COLOR_NAME = AccentColor;
				CODE_SIGN_STYLE = Automatic;
				CURRENT_PROJECT_VERSION = 1;
				DEVELOPMENT_TEAM = RWP28CYWVZ;
				GENERATE_INFOPLIST_FILE = YES;
				INFOPLIST_FILE = AvitoUnsplashTest/Info.plist;
				INFOPLIST_KEY_UIApplicationSupportsIndirectInputEvents = YES;
				INFOPLIST_KEY_UILaunchStoryboardName = LaunchScreen;
				INFOPLIST_KEY_UIMainStoryboardFile = Main;
				INFOPLIST_KEY_UISupportedInterfaceOrientations_iPad = "UIInterfaceOrientationPortrait UIInterfaceOrientationPortraitUpsideDown UIInterfaceOrientationLandscapeLeft UIInterfaceOrientationLandscapeRight";
				INFOPLIST_KEY_UISupportedInterfaceOrientations_iPhone = "UIInterfaceOrientationPortrait UIInterfaceOrientationLandscapeLeft UIInterfaceOrientationLandscapeRight";
				LD_RUNPATH_SEARCH_PATHS = (
					"$(inherited)",
					"@executable_path/Frameworks",
				);
				MARKETING_VERSION = 1.0;
				PRODUCT_BUNDLE_IDENTIFIER = aswitch.me.AvitoUnsplashTest;
				PRODUCT_NAME = "$(TARGET_NAME)";
				SWIFT_EMIT_LOC_STRINGS = YES;
				SWIFT_VERSION = 5.0;
				TARGETED_DEVICE_FAMILY = "1,2";
			};
			name = Release;
		};
/* End XCBuildConfiguration section */

/* Begin XCConfigurationList section */
		EA2F8DF12C8DAEC30023AB4C /* Build configuration list for PBXProject "AvitoUnsplashTest" */ = {
			isa = XCConfigurationList;
			buildConfigurations = (
				EA2F8E082C8DAEC40023AB4C /* Debug */,
				EA2F8E092C8DAEC40023AB4C /* Release */,
			);
			defaultConfigurationIsVisible = 0;
			defaultConfigurationName = Release;
		};
		EA2F8E0A2C8DAEC40023AB4C /* Build configuration list for PBXNativeTarget "AvitoUnsplashTest" */ = {
			isa = XCConfigurationList;
			buildConfigurations = (
				EA2F8E0B2C8DAEC40023AB4C /* Debug */,
				EA2F8E0C2C8DAEC40023AB4C /* Release */,
			);
			defaultConfigurationIsVisible = 0;
			defaultConfigurationName = Release;
		};
/* End XCConfigurationList section */
	};
	rootObject = EA2F8DEE2C8DAEC30023AB4C /* Project object */;
}
